# This file is automatically @generated by Poetry 1.5.1 and should not be changed by hand.

[[package]]
name = "appnope"
version = "0.1.3"
description = "Disable App Nap on macOS >= 10.9"
optional = false
python-versions = "*"
files = [
    {file = "appnope-0.1.3-py2.py3-none-any.whl", hash = "sha256:265a455292d0bd8a72453494fa24df5a11eb18373a60c7c0430889f22548605e"},
    {file = "appnope-0.1.3.tar.gz", hash = "sha256:02bd91c4de869fbb1e1c50aafc4098827a7a54ab2f39d9dcba6c9547ed920e24"},
]

[[package]]
name = "asttokens"
version = "2.2.1"
description = "Annotate AST trees with source code positions"
optional = false
python-versions = "*"
files = [
    {file = "asttokens-2.2.1-py2.py3-none-any.whl", hash = "sha256:6b0ac9e93fb0335014d382b8fa9b3afa7df546984258005da0b9e7095b3deb1c"},
    {file = "asttokens-2.2.1.tar.gz", hash = "sha256:4622110b2a6f30b77e1473affaa97e711bc2f07d3f10848420ff1898edbe94f3"},
]

[package.dependencies]
six = "*"

[package.extras]
test = ["astroid", "pytest"]

[[package]]
name = "backcall"
version = "0.2.0"
description = "Specifications for callback functions passed in to an API"
optional = false
python-versions = "*"
files = [
    {file = "backcall-0.2.0-py2.py3-none-any.whl", hash = "sha256:fbbce6a29f263178a1f7915c1940bde0ec2b2a967566fe1c65c1dfb7422bd255"},
    {file = "backcall-0.2.0.tar.gz", hash = "sha256:5cbdbf27be5e7cfadb448baf0aa95508f91f2bbc6c6437cd9cd06e2a4c215e1e"},
]

[[package]]
name = "colorama"
version = "0.4.6"
description = "Cross-platform colored terminal text."
optional = false
python-versions = "!=3.0.*,!=3.1.*,!=3.2.*,!=3.3.*,!=3.4.*,!=3.5.*,!=3.6.*,>=2.7"
files = [
    {file = "colorama-0.4.6-py2.py3-none-any.whl", hash = "sha256:4f1d9991f5acc0ca119f9d443620b77f9d6b33703e51011c16baf57afb285fc6"},
    {file = "colorama-0.4.6.tar.gz", hash = "sha256:08695f5cb7ed6e0531a20572697297273c47b8cae5a63ffc6d6ed5c201be6e44"},
]

[[package]]
name = "cvxpy"
version = "1.3.2"
description = "A domain-specific language for modeling convex optimization problems in Python."
optional = false
python-versions = ">=3.7"
files = [
    {file = "cvxpy-1.3.2-cp310-cp310-macosx_10_9_universal2.whl", hash = "sha256:bf60240f53441abe0f41f147383831345562c0f458e96e112ba55cb4d9030f27"},
    {file = "cvxpy-1.3.2-cp310-cp310-macosx_10_9_x86_64.whl", hash = "sha256:d771ceba9195ebe3164c0b635fd038840577f009ffc12e910db5d1df44b30792"},
    {file = "cvxpy-1.3.2-cp310-cp310-manylinux_2_17_aarch64.manylinux2014_aarch64.whl", hash = "sha256:8ff9c078919ff19e8297ff75be80262fd208d1ad014a3292baa3311c450f1de0"},
    {file = "cvxpy-1.3.2-cp310-cp310-manylinux_2_17_x86_64.manylinux2014_x86_64.whl", hash = "sha256:f372d8702b143f79bb097adcb102a0d5888cbb3e4e7e232fb4a101a04d97cc9b"},
    {file = "cvxpy-1.3.2-cp310-cp310-win_amd64.whl", hash = "sha256:ba37dd5499014fde1da022bdea6efc0ef5e998b3f62c052751812c235a1a58cf"},
    {file = "cvxpy-1.3.2-cp311-cp311-macosx_10_9_universal2.whl", hash = "sha256:4bde3515840eb56c8448751d04847abcba074ddc1ebb2f47dbc2c85ad9b78b81"},
    {file = "cvxpy-1.3.2-cp311-cp311-macosx_10_9_x86_64.whl", hash = "sha256:5c9b2b7474647483531ccd469bbfbb4589410d65ac4c28112751c8c56e14d2c3"},
    {file = "cvxpy-1.3.2-cp311-cp311-manylinux_2_17_aarch64.manylinux2014_aarch64.whl", hash = "sha256:d3bb3db0f7ac49b8acb9a92d3bd5cf814920a6115a9275124bef1299770208c3"},
    {file = "cvxpy-1.3.2-cp311-cp311-manylinux_2_17_x86_64.manylinux2014_x86_64.whl", hash = "sha256:3b39683655fa099e9b6e51b38bdad5353eaae86344c58dfc7616b33db661bcb0"},
    {file = "cvxpy-1.3.2-cp311-cp311-win_amd64.whl", hash = "sha256:647ba8ced43c55241ca684fd9f5be58258e793e92e611abc802c1b540582cb8c"},
    {file = "cvxpy-1.3.2-cp37-cp37m-macosx_10_9_x86_64.whl", hash = "sha256:a70540d1ed93491b285f3f05451bd76df5f39c16e82c350c79dae31a0f8776c6"},
    {file = "cvxpy-1.3.2-cp37-cp37m-manylinux_2_17_aarch64.manylinux2014_aarch64.whl", hash = "sha256:a0046798fd869853dd9d8d111530da08621b35f16c7346ff6a4775071fa2b273"},
    {file = "cvxpy-1.3.2-cp37-cp37m-manylinux_2_17_x86_64.manylinux2014_x86_64.whl", hash = "sha256:2b6dde84f42c7d8fd1bf6867a77667ff73529ee5e1ea27892e45716077119e86"},
    {file = "cvxpy-1.3.2-cp37-cp37m-win_amd64.whl", hash = "sha256:843f6cd637c31f70ffcf817df86731b99bb15c847d4554a47cf3c0479571a26d"},
    {file = "cvxpy-1.3.2-cp38-cp38-macosx_10_9_universal2.whl", hash = "sha256:76c4e7b5a3bc540c09c8388302f5ed5033738454033a9d56a06eb78cfb303e11"},
    {file = "cvxpy-1.3.2-cp38-cp38-macosx_10_9_x86_64.whl", hash = "sha256:05430b56b28bc11edf8be287ce773c34b942335fac154a18ebc298ad6245383b"},
    {file = "cvxpy-1.3.2-cp38-cp38-manylinux_2_17_aarch64.manylinux2014_aarch64.whl", hash = "sha256:b423313e614a73bc55d7b8474039160ed5ae74e133a15cef51f58639ab210050"},
    {file = "cvxpy-1.3.2-cp38-cp38-manylinux_2_17_x86_64.manylinux2014_x86_64.whl", hash = "sha256:9fc6d54393eb926693634134c5109ddd7a17cdb642e8c5a0ff613d8873c0cba3"},
    {file = "cvxpy-1.3.2-cp38-cp38-win_amd64.whl", hash = "sha256:fadc5c9761ad3b2e3a28bfffb0635bdf6689d2c26721c6f3feeec08b638dd940"},
    {file = "cvxpy-1.3.2-cp39-cp39-macosx_10_9_universal2.whl", hash = "sha256:646908a9afbd20deb2f7848c48521f6677916007170db4b31cf8b679c1e193e0"},
    {file = "cvxpy-1.3.2-cp39-cp39-macosx_10_9_x86_64.whl", hash = "sha256:b1e8b7b609630788aabd7ddbfc7dd3d0436a30b814e1896cb45d20155cae8809"},
    {file = "cvxpy-1.3.2-cp39-cp39-manylinux_2_17_aarch64.manylinux2014_aarch64.whl", hash = "sha256:4765a1e2529bd4f095720143ddd7e55f1063b5a2793daf9d03ebf7f584f87553"},
    {file = "cvxpy-1.3.2-cp39-cp39-manylinux_2_17_x86_64.manylinux2014_x86_64.whl", hash = "sha256:817d82d1e8b6dc5da244061ce6a63549eb7ef2e3a083c7d170ad578ce09f3071"},
    {file = "cvxpy-1.3.2-cp39-cp39-win_amd64.whl", hash = "sha256:11e3d09592427eb62dd3268e0e186ef2a1a2587418589e65c264cfe82331de2e"},
    {file = "cvxpy-1.3.2.tar.gz", hash = "sha256:0b685e5040f199f3d703f30f5d22d1f865597623455153d1ddd770245aef0975"},
]

[package.dependencies]
ecos = ">=2"
numpy = ">=1.15"
osqp = ">=0.4.1"
scipy = ">=1.1.0"
scs = ">=1.1.6"
setuptools = ">65.5.1"

[package.extras]
cbc = ["cylp (>=0.91.5)"]
clarabel = ["clarabel"]
cvxopt = ["cvxopt"]
diffcp = ["diffcp"]
glop = ["ortools (>=9.3,<9.5)"]
glpk = ["cvxopt"]
glpk-mi = ["cvxopt"]
gurobi = ["gurobipy"]
highs = ["scipy (>=1.6.1)"]
mosek = ["Mosek"]
pdlp = ["ortools (>=9.3,<9.5)"]
proxqp = ["proxsuite"]
scip = ["PySCIPOpt"]
scipy = ["scipy"]
scs = ["setuptools (>65.5.1)"]
xpress = ["xpress"]

[[package]]
name = "decorator"
version = "5.1.1"
description = "Decorators for Humans"
optional = false
python-versions = ">=3.5"
files = [
    {file = "decorator-5.1.1-py3-none-any.whl", hash = "sha256:b8c3f85900b9dc423225913c5aace94729fe1fa9763b38939a95226f02d37186"},
    {file = "decorator-5.1.1.tar.gz", hash = "sha256:637996211036b6385ef91435e4fae22989472f9d571faba8927ba8253acbc330"},
]

[[package]]
name = "ecos"
version = "2.0.12"
description = "This is the Python package for ECOS: Embedded Cone Solver. See Github page for more information."
optional = false
python-versions = "*"
files = [
    {file = "ecos-2.0.12-cp310-cp310-macosx_10_9_x86_64.whl", hash = "sha256:835298a299c88c207b3402fba60ad9b5688b59bbbf2ac34a46de5b37165d773a"},
    {file = "ecos-2.0.12-cp310-cp310-manylinux_2_17_x86_64.manylinux2014_x86_64.whl", hash = "sha256:608bc822ee8e070927ab3519169b13a1a0fe88f3d562212d6b5dbb1039776360"},
    {file = "ecos-2.0.12-cp310-cp310-win_amd64.whl", hash = "sha256:5184a9d8521ad1af90ffcd9902a6fa75c7bc473f37d30d86f97beda1033dfca2"},
    {file = "ecos-2.0.12-cp311-cp311-macosx_10_9_x86_64.whl", hash = "sha256:eba07599084724eedc20b2862d5580eebebb09609f4740baadc78401cb99827c"},
    {file = "ecos-2.0.12-cp311-cp311-manylinux_2_17_x86_64.manylinux2014_x86_64.whl", hash = "sha256:4979dc2d1cb6667e371a45a61887068505c1305437eef104ed6ef16f4b6aa0e3"},
    {file = "ecos-2.0.12-cp311-cp311-win_amd64.whl", hash = "sha256:da8fbbca3feb83a9e27075d29b3765417d0c80af8ea83cbdc4a558cae7b564af"},
    {file = "ecos-2.0.12-cp37-cp37m-macosx_10_9_x86_64.whl", hash = "sha256:f70e4547966f530fd7715756f7a65d5b9b90b312b9d37f243ef9356c05e7d74c"},
    {file = "ecos-2.0.12-cp37-cp37m-manylinux_2_17_x86_64.manylinux2014_x86_64.whl", hash = "sha256:617be25d74222849622b0f82b94a11abcf1fae78ccaf69977b328321ee6ffa0b"},
    {file = "ecos-2.0.12-cp37-cp37m-win_amd64.whl", hash = "sha256:29d00164eaea66ed54697a3b361c575284a8bca54f2623381a0635806c7303a7"},
    {file = "ecos-2.0.12-cp38-cp38-macosx_10_9_x86_64.whl", hash = "sha256:4e86671397d1d2cd7cccff8a9c45be0541b0c60af8b92a0ff3581c9ed869db67"},
    {file = "ecos-2.0.12-cp38-cp38-manylinux_2_17_x86_64.manylinux2014_x86_64.whl", hash = "sha256:858a4dd3177bdc8cc6e362031732f5177b62138a1e4ef91c0dc3c6bd7d2d1248"},
    {file = "ecos-2.0.12-cp38-cp38-win_amd64.whl", hash = "sha256:528b02f53835bd1baeb2e23f8153b8d6cc2b3704e1768be6a1a972f542241670"},
    {file = "ecos-2.0.12-cp39-cp39-macosx_10_9_x86_64.whl", hash = "sha256:3e42bd4c19af6e04f76ccc85d941b1f1adc7faeee4d06d482395a6beb7bec895"},
    {file = "ecos-2.0.12-cp39-cp39-manylinux_2_17_x86_64.manylinux2014_x86_64.whl", hash = "sha256:6def54336a15b5a49bc3bfcaa36035e8557cae8a4853b17ca84f5a29c93bcaea"},
    {file = "ecos-2.0.12-cp39-cp39-win_amd64.whl", hash = "sha256:7af08941552fce108bd80145cdb6be7fa74477a20bacdac170800442cc7027d4"},
    {file = "ecos-2.0.12.tar.gz", hash = "sha256:f48816d73b87ae325556ea537b7c8743187311403c80e3832035224156337c4e"},
]

[package.dependencies]
numpy = ">=1.6"
scipy = ">=0.9"

[[package]]
name = "executing"
version = "1.2.0"
description = "Get the currently executing AST node of a frame, and other information"
optional = false
python-versions = "*"
files = [
    {file = "executing-1.2.0-py2.py3-none-any.whl", hash = "sha256:0314a69e37426e3608aada02473b4161d4caf5a4b244d1d0c48072b8fee7bacc"},
    {file = "executing-1.2.0.tar.gz", hash = "sha256:19da64c18d2d851112f09c287f8d3dbbdf725ab0e569077efb6cdcbd3497c107"},
]

[package.extras]
tests = ["asttokens", "littleutils", "pytest", "rich"]

[[package]]
name = "ipython"
version = "8.12.2"
description = "IPython: Productive Interactive Computing"
optional = false
python-versions = ">=3.8"
files = [
    {file = "ipython-8.12.2-py3-none-any.whl", hash = "sha256:ea8801f15dfe4ffb76dea1b09b847430ffd70d827b41735c64a0638a04103bfc"},
    {file = "ipython-8.12.2.tar.gz", hash = "sha256:c7b80eb7f5a855a88efc971fda506ff7a91c280b42cdae26643e0f601ea281ea"},
]

[package.dependencies]
appnope = {version = "*", markers = "sys_platform == \"darwin\""}
backcall = "*"
colorama = {version = "*", markers = "sys_platform == \"win32\""}
decorator = "*"
jedi = ">=0.16"
matplotlib-inline = "*"
pexpect = {version = ">4.3", markers = "sys_platform != \"win32\""}
pickleshare = "*"
prompt-toolkit = ">=3.0.30,<3.0.37 || >3.0.37,<3.1.0"
pygments = ">=2.4.0"
stack-data = "*"
traitlets = ">=5"
typing-extensions = {version = "*", markers = "python_version < \"3.10\""}

[package.extras]
all = ["black", "curio", "docrepr", "ipykernel", "ipyparallel", "ipywidgets", "matplotlib", "matplotlib (!=3.2.0)", "nbconvert", "nbformat", "notebook", "numpy (>=1.21)", "pandas", "pytest (<7)", "pytest (<7.1)", "pytest-asyncio", "qtconsole", "setuptools (>=18.5)", "sphinx (>=1.3)", "sphinx-rtd-theme", "stack-data", "testpath", "trio", "typing-extensions"]
black = ["black"]
doc = ["docrepr", "ipykernel", "matplotlib", "pytest (<7)", "pytest (<7.1)", "pytest-asyncio", "setuptools (>=18.5)", "sphinx (>=1.3)", "sphinx-rtd-theme", "stack-data", "testpath", "typing-extensions"]
kernel = ["ipykernel"]
nbconvert = ["nbconvert"]
nbformat = ["nbformat"]
notebook = ["ipywidgets", "notebook"]
parallel = ["ipyparallel"]
qtconsole = ["qtconsole"]
test = ["pytest (<7.1)", "pytest-asyncio", "testpath"]
test-extra = ["curio", "matplotlib (!=3.2.0)", "nbformat", "numpy (>=1.21)", "pandas", "pytest (<7.1)", "pytest-asyncio", "testpath", "trio"]

[[package]]
name = "jedi"
version = "0.19.0"
description = "An autocompletion tool for Python that can be used for text editors."
optional = false
python-versions = ">=3.6"
files = [
    {file = "jedi-0.19.0-py2.py3-none-any.whl", hash = "sha256:cb8ce23fbccff0025e9386b5cf85e892f94c9b822378f8da49970471335ac64e"},
    {file = "jedi-0.19.0.tar.gz", hash = "sha256:bcf9894f1753969cbac8022a8c2eaee06bfa3724e4192470aaffe7eb6272b0c4"},
]

[package.dependencies]
parso = ">=0.8.3,<0.9.0"

[package.extras]
docs = ["Jinja2 (==2.11.3)", "MarkupSafe (==1.1.1)", "Pygments (==2.8.1)", "alabaster (==0.7.12)", "babel (==2.9.1)", "chardet (==4.0.0)", "commonmark (==0.8.1)", "docutils (==0.17.1)", "future (==0.18.2)", "idna (==2.10)", "imagesize (==1.2.0)", "mock (==1.0.1)", "packaging (==20.9)", "pyparsing (==2.4.7)", "pytz (==2021.1)", "readthedocs-sphinx-ext (==2.1.4)", "recommonmark (==0.5.0)", "requests (==2.25.1)", "six (==1.15.0)", "snowballstemmer (==2.1.0)", "sphinx (==1.8.5)", "sphinx-rtd-theme (==0.4.3)", "sphinxcontrib-serializinghtml (==1.1.4)", "sphinxcontrib-websupport (==1.2.4)", "urllib3 (==1.26.4)"]
qa = ["flake8 (==5.0.4)", "mypy (==0.971)", "types-setuptools (==67.2.0.1)"]
testing = ["Django (<3.1)", "attrs", "colorama", "docopt", "pytest (<7.0.0)"]

[[package]]
name = "matplotlib-inline"
version = "0.1.6"
description = "Inline Matplotlib backend for Jupyter"
optional = false
python-versions = ">=3.5"
files = [
    {file = "matplotlib-inline-0.1.6.tar.gz", hash = "sha256:f887e5f10ba98e8d2b150ddcf4702c1e5f8b3a20005eb0f74bfdbd360ee6f304"},
    {file = "matplotlib_inline-0.1.6-py3-none-any.whl", hash = "sha256:f1f41aab5328aa5aaea9b16d083b128102f8712542f819fe7e6a420ff581b311"},
]

[package.dependencies]
traitlets = "*"

[[package]]
name = "mosek"
version = "10.1.10"
description = "Python API for Mosek"
optional = false
python-versions = "<3.12,>=3.7"
files = [
    {file = "Mosek-10.1.10-cp37-abi3-macosx_10_15_x86_64.whl", hash = "sha256:d2e38d54c38e90fafe3a148d0c6d4a973365d06fbd07fabbfa12e8475287c333"},
    {file = "Mosek-10.1.10-cp37-abi3-manylinux2014_x86_64.whl", hash = "sha256:cceaf7754bc1991b4f92ce08b52ee3b0bba4d0b351e9c3e8f80e2a5466a92b8f"},
    {file = "Mosek-10.1.10-cp37-abi3-manylinux_2_29_aarch64.whl", hash = "sha256:95d6f46b9b8efe027c6a9082c51915d4e63b2e0164d1d4273b9c087c0a51e2e4"},
    {file = "Mosek-10.1.10-cp37-abi3-win_amd64.whl", hash = "sha256:f7fae0eef73cb071a5cbc9e026b1a0d8f9adcf20be169860b754d3d6f26e56a6"},
    {file = "Mosek-10.1.10-cp38-abi3-macosx_11_0_arm64.whl", hash = "sha256:8a7fae8e125c951bc47b545b8f26041bc19fe6a9ef9e564795b855d88285fd82"},
]

[package.dependencies]
numpy = "*"

[[package]]
name = "mpmath"
version = "1.3.0"
description = "Python library for arbitrary-precision floating-point arithmetic"
optional = false
python-versions = "*"
files = [
    {file = "mpmath-1.3.0-py3-none-any.whl", hash = "sha256:a0b2b9fe80bbcd81a6647ff13108738cfb482d481d826cc0e02f5b35e5c88d2c"},
    {file = "mpmath-1.3.0.tar.gz", hash = "sha256:7a28eb2a9774d00c7bc92411c19a89209d5da7c4c9a9e227be8330a23a25b91f"},
]

[package.extras]
develop = ["codecov", "pycodestyle", "pytest (>=4.6)", "pytest-cov", "wheel"]
docs = ["sphinx"]
gmpy = ["gmpy2 (>=2.1.0a4)"]
tests = ["pytest (>=4.6)"]

[[package]]
name = "numpy"
version = "1.24.4"
description = "Fundamental package for array computing in Python"
optional = false
python-versions = ">=3.8"
files = [
    {file = "numpy-1.24.4-cp310-cp310-macosx_10_9_x86_64.whl", hash = "sha256:c0bfb52d2169d58c1cdb8cc1f16989101639b34c7d3ce60ed70b19c63eba0b64"},
    {file = "numpy-1.24.4-cp310-cp310-macosx_11_0_arm64.whl", hash = "sha256:ed094d4f0c177b1b8e7aa9cba7d6ceed51c0e569a5318ac0ca9a090680a6a1b1"},
    {file = "numpy-1.24.4-cp310-cp310-manylinux_2_17_aarch64.manylinux2014_aarch64.whl", hash = "sha256:79fc682a374c4a8ed08b331bef9c5f582585d1048fa6d80bc6c35bc384eee9b4"},
    {file = "numpy-1.24.4-cp310-cp310-manylinux_2_17_x86_64.manylinux2014_x86_64.whl", hash = "sha256:7ffe43c74893dbf38c2b0a1f5428760a1a9c98285553c89e12d70a96a7f3a4d6"},
    {file = "numpy-1.24.4-cp310-cp310-win32.whl", hash = "sha256:4c21decb6ea94057331e111a5bed9a79d335658c27ce2adb580fb4d54f2ad9bc"},
    {file = "numpy-1.24.4-cp310-cp310-win_amd64.whl", hash = "sha256:b4bea75e47d9586d31e892a7401f76e909712a0fd510f58f5337bea9572c571e"},
    {file = "numpy-1.24.4-cp311-cp311-macosx_10_9_x86_64.whl", hash = "sha256:f136bab9c2cfd8da131132c2cf6cc27331dd6fae65f95f69dcd4ae3c3639c810"},
    {file = "numpy-1.24.4-cp311-cp311-macosx_11_0_arm64.whl", hash = "sha256:e2926dac25b313635e4d6cf4dc4e51c8c0ebfed60b801c799ffc4c32bf3d1254"},
    {file = "numpy-1.24.4-cp311-cp311-manylinux_2_17_aarch64.manylinux2014_aarch64.whl", hash = "sha256:222e40d0e2548690405b0b3c7b21d1169117391c2e82c378467ef9ab4c8f0da7"},
    {file = "numpy-1.24.4-cp311-cp311-manylinux_2_17_x86_64.manylinux2014_x86_64.whl", hash = "sha256:7215847ce88a85ce39baf9e89070cb860c98fdddacbaa6c0da3ffb31b3350bd5"},
    {file = "numpy-1.24.4-cp311-cp311-win32.whl", hash = "sha256:4979217d7de511a8d57f4b4b5b2b965f707768440c17cb70fbf254c4b225238d"},
    {file = "numpy-1.24.4-cp311-cp311-win_amd64.whl", hash = "sha256:b7b1fc9864d7d39e28f41d089bfd6353cb5f27ecd9905348c24187a768c79694"},
    {file = "numpy-1.24.4-cp38-cp38-macosx_10_9_x86_64.whl", hash = "sha256:1452241c290f3e2a312c137a9999cdbf63f78864d63c79039bda65ee86943f61"},
    {file = "numpy-1.24.4-cp38-cp38-macosx_11_0_arm64.whl", hash = "sha256:04640dab83f7c6c85abf9cd729c5b65f1ebd0ccf9de90b270cd61935eef0197f"},
    {file = "numpy-1.24.4-cp38-cp38-manylinux_2_17_aarch64.manylinux2014_aarch64.whl", hash = "sha256:a5425b114831d1e77e4b5d812b69d11d962e104095a5b9c3b641a218abcc050e"},
    {file = "numpy-1.24.4-cp38-cp38-manylinux_2_17_x86_64.manylinux2014_x86_64.whl", hash = "sha256:dd80e219fd4c71fc3699fc1dadac5dcf4fd882bfc6f7ec53d30fa197b8ee22dc"},
    {file = "numpy-1.24.4-cp38-cp38-win32.whl", hash = "sha256:4602244f345453db537be5314d3983dbf5834a9701b7723ec28923e2889e0bb2"},
    {file = "numpy-1.24.4-cp38-cp38-win_amd64.whl", hash = "sha256:692f2e0f55794943c5bfff12b3f56f99af76f902fc47487bdfe97856de51a706"},
    {file = "numpy-1.24.4-cp39-cp39-macosx_10_9_x86_64.whl", hash = "sha256:2541312fbf09977f3b3ad449c4e5f4bb55d0dbf79226d7724211acc905049400"},
    {file = "numpy-1.24.4-cp39-cp39-macosx_11_0_arm64.whl", hash = "sha256:9667575fb6d13c95f1b36aca12c5ee3356bf001b714fc354eb5465ce1609e62f"},
    {file = "numpy-1.24.4-cp39-cp39-manylinux_2_17_aarch64.manylinux2014_aarch64.whl", hash = "sha256:f3a86ed21e4f87050382c7bc96571755193c4c1392490744ac73d660e8f564a9"},
    {file = "numpy-1.24.4-cp39-cp39-manylinux_2_17_x86_64.manylinux2014_x86_64.whl", hash = "sha256:d11efb4dbecbdf22508d55e48d9c8384db795e1b7b51ea735289ff96613ff74d"},
    {file = "numpy-1.24.4-cp39-cp39-win32.whl", hash = "sha256:6620c0acd41dbcb368610bb2f4d83145674040025e5536954782467100aa8835"},
    {file = "numpy-1.24.4-cp39-cp39-win_amd64.whl", hash = "sha256:befe2bf740fd8373cf56149a5c23a0f601e82869598d41f8e188a0e9869926f8"},
    {file = "numpy-1.24.4-pp38-pypy38_pp73-macosx_10_9_x86_64.whl", hash = "sha256:31f13e25b4e304632a4619d0e0777662c2ffea99fcae2029556b17d8ff958aef"},
    {file = "numpy-1.24.4-pp38-pypy38_pp73-manylinux_2_17_x86_64.manylinux2014_x86_64.whl", hash = "sha256:95f7ac6540e95bc440ad77f56e520da5bf877f87dca58bd095288dce8940532a"},
    {file = "numpy-1.24.4-pp38-pypy38_pp73-win_amd64.whl", hash = "sha256:e98f220aa76ca2a977fe435f5b04d7b3470c0a2e6312907b37ba6068f26787f2"},
    {file = "numpy-1.24.4.tar.gz", hash = "sha256:80f5e3a4e498641401868df4208b74581206afbee7cf7b8329daae82676d9463"},
]

[[package]]
name = "osqp"
version = "0.6.3"
description = "OSQP: The Operator Splitting QP Solver"
optional = false
python-versions = "*"
files = [
    {file = "osqp-0.6.3-cp310-cp310-macosx_10_9_x86_64.whl", hash = "sha256:e6b7d923c836f1d07115057e595245ccc1694ecae730a1affda78fc6f3c8d239"},
    {file = "osqp-0.6.3-cp310-cp310-manylinux_2_17_aarch64.manylinux2014_aarch64.whl", hash = "sha256:e1dfda08c38c3521012740a73ef782f97dfc54a41deae4b0bc4afd18d0e74da0"},
    {file = "osqp-0.6.3-cp310-cp310-manylinux_2_5_x86_64.manylinux1_x86_64.manylinux_2_17_x86_64.manylinux2014_x86_64.whl", hash = "sha256:7eafa3f3e82dd36c52f3f4ef19a95142405c807c272c4b53c5971c53535d7804"},
    {file = "osqp-0.6.3-cp310-cp310-win_amd64.whl", hash = "sha256:3cbb6efdaffb7387dc0037dfe3259d4803e5ad7217e6f20fb605c92953214b9d"},
    {file = "osqp-0.6.3-cp311-cp311-macosx_10_9_x86_64.whl", hash = "sha256:1b2049b2c42565dcaa63ddca1c4028b1fb20aab141453f5d77e8ff5b1a99a2cf"},
    {file = "osqp-0.6.3-cp311-cp311-manylinux_2_17_aarch64.manylinux2014_aarch64.whl", hash = "sha256:146b89f2cfbf59eaeb2c47e3a312f2034138df78d80ce052364810dc0ef70fc4"},
    {file = "osqp-0.6.3-cp311-cp311-manylinux_2_5_x86_64.manylinux1_x86_64.manylinux_2_17_x86_64.manylinux2014_x86_64.whl", hash = "sha256:0084e3d733c75687d68bc133bc380ce471dfe6f7724af2718a43491782eec8d6"},
    {file = "osqp-0.6.3-cp311-cp311-win_amd64.whl", hash = "sha256:1b573fe1cd0e82239a279c58817c1d365187ef862e928b2b9c828c3c516ad3c2"},
    {file = "osqp-0.6.3-cp36-cp36m-macosx_10_9_x86_64.whl", hash = "sha256:6c3951ef505177b858c6cd34de980346014cae3d2234c93db960b12c5885f9a2"},
    {file = "osqp-0.6.3-cp36-cp36m-manylinux_2_17_aarch64.manylinux2014_aarch64.whl", hash = "sha256:dc18f87c9549032c163ce590a5e32079df94ee656c8fb357ba607aa9d78fab81"},
    {file = "osqp-0.6.3-cp36-cp36m-manylinux_2_5_x86_64.manylinux1_x86_64.manylinux_2_17_x86_64.manylinux2014_x86_64.whl", hash = "sha256:c07b1a4b538aab629b0fae69f644b7e76f81f94d65230014d482e296dacd046b"},
    {file = "osqp-0.6.3-cp36-cp36m-win_amd64.whl", hash = "sha256:60abec3593870990b16f00bd5017096a7091fb00b68d0db3383fc048ca8e55c9"},
    {file = "osqp-0.6.3-cp37-cp37m-macosx_10_9_x86_64.whl", hash = "sha256:b73bdd9589901841af83c5ed6a4092b4fac5a0beff9e32682d8526d1f16a728c"},
    {file = "osqp-0.6.3-cp37-cp37m-manylinux_2_17_aarch64.manylinux2014_aarch64.whl", hash = "sha256:71d9f611823af4a8b241c86805920e5382cd65c7f94fd3615b4eef999ed94c7c"},
    {file = "osqp-0.6.3-cp37-cp37m-manylinux_2_5_x86_64.manylinux1_x86_64.manylinux_2_17_x86_64.manylinux2014_x86_64.whl", hash = "sha256:30fbc3b3c028c06a6c5f1e66be7b7106ad48a29e0dc5bd82393f82dd68235ef8"},
    {file = "osqp-0.6.3-cp37-cp37m-win_amd64.whl", hash = "sha256:fe57e4bde071b388518ecb068f26319506dd9cb107363d3d80c12d2e59fc1e81"},
    {file = "osqp-0.6.3-cp38-cp38-macosx_10_9_x86_64.whl", hash = "sha256:41f304d1d7f91af07d8f0b01e5af29ec3bb8824f0102c7fd8b13b497be120da4"},
    {file = "osqp-0.6.3-cp38-cp38-manylinux_2_17_aarch64.manylinux2014_aarch64.whl", hash = "sha256:ea7d8c92bcdf4fef98d777f13d39060d425ef2e8778ed487c96a6fa10848cdea"},
    {file = "osqp-0.6.3-cp38-cp38-manylinux_2_5_x86_64.manylinux1_x86_64.manylinux_2_17_x86_64.manylinux2014_x86_64.whl", hash = "sha256:3f3a3c6d2708868e5e3fe2da300d6523cbf68a3d8734ce9c5043db37391969f5"},
    {file = "osqp-0.6.3-cp38-cp38-win_amd64.whl", hash = "sha256:1c548a0b3691850e7e22f3624a128d8af33416d70a9b5976a47d4d832028dcd8"},
    {file = "osqp-0.6.3-cp39-cp39-macosx_10_9_x86_64.whl", hash = "sha256:387e7abd737dfe32c9ec00ad74af25328cdd0d0f634d79530655c040a5cb9590"},
    {file = "osqp-0.6.3-cp39-cp39-manylinux_2_17_aarch64.manylinux2014_aarch64.whl", hash = "sha256:e1445e10a94e01698e13c87a7debf6ac1a15f3acd1f8f6340cb1ad945db4732b"},
    {file = "osqp-0.6.3-cp39-cp39-manylinux_2_5_x86_64.manylinux1_x86_64.manylinux_2_17_x86_64.manylinux2014_x86_64.whl", hash = "sha256:0441c10f7fe5f46692a9b44a57138977bb112ae3f8127151671968c5d9ec5dbb"},
    {file = "osqp-0.6.3-cp39-cp39-win_amd64.whl", hash = "sha256:b15e65a307fbbabf60248bb9bc204e61d5d4ae64e00427a69e2dad9622f4c29d"},
    {file = "osqp-0.6.3.tar.gz", hash = "sha256:03e460e683ec2ce0f839353ddfa3c4c8ffa509ab8cf6a2b2afbb586fa453e180"},
]

[package.dependencies]
numpy = ">=1.7"
qdldl = "*"
scipy = ">=0.13.2"

[[package]]
name = "parso"
version = "0.8.3"
description = "A Python Parser"
optional = false
python-versions = ">=3.6"
files = [
    {file = "parso-0.8.3-py2.py3-none-any.whl", hash = "sha256:c001d4636cd3aecdaf33cbb40aebb59b094be2a74c556778ef5576c175e19e75"},
    {file = "parso-0.8.3.tar.gz", hash = "sha256:8c07be290bb59f03588915921e29e8a50002acaf2cdc5fa0e0114f91709fafa0"},
]

[package.extras]
qa = ["flake8 (==3.8.3)", "mypy (==0.782)"]
testing = ["docopt", "pytest (<6.0.0)"]

[[package]]
name = "pexpect"
version = "4.8.0"
description = "Pexpect allows easy control of interactive console applications."
optional = false
python-versions = "*"
files = [
    {file = "pexpect-4.8.0-py2.py3-none-any.whl", hash = "sha256:0b48a55dcb3c05f3329815901ea4fc1537514d6ba867a152b581d69ae3710937"},
    {file = "pexpect-4.8.0.tar.gz", hash = "sha256:fc65a43959d153d0114afe13997d439c22823a27cefceb5ff35c2178c6784c0c"},
]

[package.dependencies]
ptyprocess = ">=0.5"

[[package]]
name = "pickleshare"
version = "0.7.5"
description = "Tiny 'shelve'-like database with concurrency support"
optional = false
python-versions = "*"
files = [
    {file = "pickleshare-0.7.5-py2.py3-none-any.whl", hash = "sha256:9649af414d74d4df115d5d718f82acb59c9d418196b7b4290ed47a12ce62df56"},
    {file = "pickleshare-0.7.5.tar.gz", hash = "sha256:87683d47965c1da65cdacaf31c8441d12b8044cdec9aca500cd78fc2c683afca"},
]

[[package]]
name = "prompt-toolkit"
version = "3.0.39"
description = "Library for building powerful interactive command lines in Python"
optional = false
python-versions = ">=3.7.0"
files = [
    {file = "prompt_toolkit-3.0.39-py3-none-any.whl", hash = "sha256:9dffbe1d8acf91e3de75f3b544e4842382fc06c6babe903ac9acb74dc6e08d88"},
    {file = "prompt_toolkit-3.0.39.tar.gz", hash = "sha256:04505ade687dc26dc4284b1ad19a83be2f2afe83e7a828ace0c72f3a1df72aac"},
]

[package.dependencies]
wcwidth = "*"

[[package]]
name = "ptyprocess"
version = "0.7.0"
description = "Run a subprocess in a pseudo terminal"
optional = false
python-versions = "*"
files = [
    {file = "ptyprocess-0.7.0-py2.py3-none-any.whl", hash = "sha256:4b41f3967fce3af57cc7e94b888626c18bf37a083e3651ca8feeb66d492fef35"},
    {file = "ptyprocess-0.7.0.tar.gz", hash = "sha256:5c5d0a3b48ceee0b48485e0c26037c0acd7d29765ca3fbb5cb3831d347423220"},
]

[[package]]
name = "pure-eval"
version = "0.2.2"
description = "Safely evaluate AST nodes without side effects"
optional = false
python-versions = "*"
files = [
    {file = "pure_eval-0.2.2-py3-none-any.whl", hash = "sha256:01eaab343580944bc56080ebe0a674b39ec44a945e6d09ba7db3cb8cec289350"},
    {file = "pure_eval-0.2.2.tar.gz", hash = "sha256:2b45320af6dfaa1750f543d714b6d1c520a1688dec6fd24d339063ce0aaa9ac3"},
]

[package.extras]
tests = ["pytest"]

[[package]]
name = "pycddlib"
version = "2.1.7"
description = "pycddlib is a Python wrapper for Komei Fukuda's cddlib."
optional = false
python-versions = ">=3.7"
files = [
    {file = "pycddlib-2.1.7-cp310-cp310-win32.whl", hash = "sha256:dc605377044456180827e9ed5f0819c2e0c6fa42c20e3321a03bf93d55462bd7"},
    {file = "pycddlib-2.1.7-cp310-cp310-win_amd64.whl", hash = "sha256:7cddc61ce2fd4d3fac6e4a719033734a818a246558a076537faeb177abd42987"},
    {file = "pycddlib-2.1.7-cp311-cp311-win32.whl", hash = "sha256:350d679bf49dc1af59693a34827d49594109efe8b3f57b0bcf3bb10202dbf139"},
    {file = "pycddlib-2.1.7-cp311-cp311-win_amd64.whl", hash = "sha256:6cce181c3c63f72ffcad42955279ad9668132be1097ad0433279d198916b3c89"},
    {file = "pycddlib-2.1.7-cp37-cp37m-win32.whl", hash = "sha256:7295616312ed697ec89c34711443ca82d705f86bb21a4cc516314ad8c540ef63"},
    {file = "pycddlib-2.1.7-cp37-cp37m-win_amd64.whl", hash = "sha256:7e6e5cd3f013381faa3329cfd7ac51fc416dc687fe7ff25ea60be5e1412413f8"},
    {file = "pycddlib-2.1.7-cp38-cp38-win32.whl", hash = "sha256:6a9429b8b4fb7440804e6640662d9d2b643cc3eb4d22254839c24fc1c4f4b713"},
    {file = "pycddlib-2.1.7-cp38-cp38-win_amd64.whl", hash = "sha256:2d9fee69564af367c5754af3f7f0c696173f46597a16eb4dee411122ca0a6345"},
    {file = "pycddlib-2.1.7-cp39-cp39-win32.whl", hash = "sha256:175a5d07e3eef1150b374be97ac6dde87185d27d174f7050a5abd6286ec31a4b"},
    {file = "pycddlib-2.1.7-cp39-cp39-win_amd64.whl", hash = "sha256:2c3a5f8a6c0fa2fba440ce69e4d971ae639d3df496e1545f226c9b4a244f6bf7"},
    {file = "pycddlib-2.1.7.tar.gz", hash = "sha256:6d0be26049ee303181a1433fc5d57c78fe231b458bdf86855887ca8de83fb55e"},
]

[[package]]
name = "pygments"
version = "2.16.1"
description = "Pygments is a syntax highlighting package written in Python."
optional = false
python-versions = ">=3.7"
files = [
    {file = "Pygments-2.16.1-py3-none-any.whl", hash = "sha256:13fc09fa63bc8d8671a6d247e1eb303c4b343eaee81d861f3404db2935653692"},
    {file = "Pygments-2.16.1.tar.gz", hash = "sha256:1daff0494820c69bc8941e407aa20f577374ee88364ee10a98fdbe0aece96e29"},
]

[package.extras]
plugins = ["importlib-metadata"]

[[package]]
name = "qdldl"
version = "0.1.7.post0"
description = "QDLDL, a free LDL factorization routine."
optional = false
python-versions = "*"
files = [
    {file = "qdldl-0.1.7.post0-cp310-cp310-macosx_10_9_x86_64.whl", hash = "sha256:8ab02e8b9ff86bd644a1935718387c82fbe04c31e3309cf9f7a121d02b1deda8"},
    {file = "qdldl-0.1.7.post0-cp310-cp310-manylinux_2_17_x86_64.manylinux2014_x86_64.whl", hash = "sha256:40e5d6753310377451ed4dc09b1ef28faf40108b713e7f55c8a8ae94d679a672"},
    {file = "qdldl-0.1.7.post0-cp310-cp310-win_amd64.whl", hash = "sha256:718d8e141832e96ba71ca1807a74813836c6403110faaa3d33a67de1af3b29c4"},
    {file = "qdldl-0.1.7.post0-cp311-cp311-macosx_10_9_x86_64.whl", hash = "sha256:0e3f06e8a49ddd834b24fc3d7afbba4fec0923101045aa2666e18d2a9980e329"},
    {file = "qdldl-0.1.7.post0-cp311-cp311-manylinux_2_17_x86_64.manylinux2014_x86_64.whl", hash = "sha256:3a81c46522dd6b3042e2348fa98128bb5c0e466f42bce214e80cfb766ff40930"},
    {file = "qdldl-0.1.7.post0-cp311-cp311-win_amd64.whl", hash = "sha256:4a86155f3de66c5db0e21544b7a2421c671028fa20da407686d2a8d0e9b57e51"},
    {file = "qdldl-0.1.7.post0-cp36-cp36m-macosx_10_9_x86_64.whl", hash = "sha256:717cb1892b033c01a0aae84ededcfa1f05bcb97013095d779c497e6c32f90dac"},
    {file = "qdldl-0.1.7.post0-cp36-cp36m-manylinux_2_17_x86_64.manylinux2014_x86_64.whl", hash = "sha256:8fc35432913085d94b2327242cf51388467ef7a37ac0d71eb31b594b575dd498"},
    {file = "qdldl-0.1.7.post0-cp36-cp36m-win_amd64.whl", hash = "sha256:fd5cfd8c50f33ddacb830594a63b8c1093a24aea45312b9d2ed826cea5ece08a"},
    {file = "qdldl-0.1.7.post0-cp37-cp37m-macosx_10_9_x86_64.whl", hash = "sha256:981ca8672e9506976c663552c1eb6f6daf9726d62650b3bf5900260946156166"},
    {file = "qdldl-0.1.7.post0-cp37-cp37m-manylinux_2_17_x86_64.manylinux2014_x86_64.whl", hash = "sha256:b8ec670d97cf756f9159dc0a11de5cf054e88aefe84bea1c7282f00334642843"},
    {file = "qdldl-0.1.7.post0-cp37-cp37m-win_amd64.whl", hash = "sha256:aa208703b44337a7e77f6f2663f7a452144becb4421970d534ff8297b92e1e10"},
    {file = "qdldl-0.1.7.post0-cp38-cp38-macosx_10_9_x86_64.whl", hash = "sha256:b42649484f7c0d8ee659224ecaac0a3e97f12531018207f4d7323e4071320eb1"},
    {file = "qdldl-0.1.7.post0-cp38-cp38-manylinux_2_17_x86_64.manylinux2014_x86_64.whl", hash = "sha256:26aa3d6f0da7779265d72e8f418094003e75fa53c515a53bc03fd8b9bcfbf7de"},
    {file = "qdldl-0.1.7.post0-cp38-cp38-win_amd64.whl", hash = "sha256:e55bcd6962178029faf543addd49db145302dd51e19855fefa71b5fd55840eea"},
    {file = "qdldl-0.1.7.post0-cp39-cp39-macosx_10_9_x86_64.whl", hash = "sha256:c1dd0e570e65aaf35e10b7fb345f7ac763fd05a2227b9c06ce65e07993fc4984"},
    {file = "qdldl-0.1.7.post0-cp39-cp39-manylinux_2_17_x86_64.manylinux2014_x86_64.whl", hash = "sha256:ae161342529852b6248ace4642bc4ee371a7c1e0707b7bc43a43ef7e73c06ca3"},
    {file = "qdldl-0.1.7.post0-cp39-cp39-win_amd64.whl", hash = "sha256:092f6606690a2b9bd3c939f3147887e02de13bb068fbed5ffdc7459034def623"},
    {file = "qdldl-0.1.7.post0.tar.gz", hash = "sha256:f346a114c8342ee6d4dbd6471eef314199fb268d3bf7b95885ca351fde2b023f"},
]

[package.dependencies]
numpy = ">=1.7"
scipy = ">=0.13.2"

[[package]]
name = "scipy"
version = "1.10.1"
description = "Fundamental algorithms for scientific computing in Python"
optional = false
python-versions = "<3.12,>=3.8"
files = [
    {file = "scipy-1.10.1-cp310-cp310-macosx_10_9_x86_64.whl", hash = "sha256:e7354fd7527a4b0377ce55f286805b34e8c54b91be865bac273f527e1b839019"},
    {file = "scipy-1.10.1-cp310-cp310-macosx_12_0_arm64.whl", hash = "sha256:4b3f429188c66603a1a5c549fb414e4d3bdc2a24792e061ffbd607d3d75fd84e"},
    {file = "scipy-1.10.1-cp310-cp310-manylinux_2_17_aarch64.manylinux2014_aarch64.whl", hash = "sha256:1553b5dcddd64ba9a0d95355e63fe6c3fc303a8fd77c7bc91e77d61363f7433f"},
    {file = "scipy-1.10.1-cp310-cp310-manylinux_2_17_x86_64.manylinux2014_x86_64.whl", hash = "sha256:4c0ff64b06b10e35215abce517252b375e580a6125fd5fdf6421b98efbefb2d2"},
    {file = "scipy-1.10.1-cp310-cp310-win_amd64.whl", hash = "sha256:fae8a7b898c42dffe3f7361c40d5952b6bf32d10c4569098d276b4c547905ee1"},
    {file = "scipy-1.10.1-cp311-cp311-macosx_10_9_x86_64.whl", hash = "sha256:0f1564ea217e82c1bbe75ddf7285ba0709ecd503f048cb1236ae9995f64217bd"},
    {file = "scipy-1.10.1-cp311-cp311-macosx_12_0_arm64.whl", hash = "sha256:d925fa1c81b772882aa55bcc10bf88324dadb66ff85d548c71515f6689c6dac5"},
    {file = "scipy-1.10.1-cp311-cp311-manylinux_2_17_aarch64.manylinux2014_aarch64.whl", hash = "sha256:aaea0a6be54462ec027de54fca511540980d1e9eea68b2d5c1dbfe084797be35"},
    {file = "scipy-1.10.1-cp311-cp311-manylinux_2_17_x86_64.manylinux2014_x86_64.whl", hash = "sha256:15a35c4242ec5f292c3dd364a7c71a61be87a3d4ddcc693372813c0b73c9af1d"},
    {file = "scipy-1.10.1-cp311-cp311-win_amd64.whl", hash = "sha256:43b8e0bcb877faf0abfb613d51026cd5cc78918e9530e375727bf0625c82788f"},
    {file = "scipy-1.10.1-cp38-cp38-macosx_10_9_x86_64.whl", hash = "sha256:5678f88c68ea866ed9ebe3a989091088553ba12c6090244fdae3e467b1139c35"},
    {file = "scipy-1.10.1-cp38-cp38-macosx_12_0_arm64.whl", hash = "sha256:39becb03541f9e58243f4197584286e339029e8908c46f7221abeea4b749fa88"},
    {file = "scipy-1.10.1-cp38-cp38-manylinux_2_17_aarch64.manylinux2014_aarch64.whl", hash = "sha256:bce5869c8d68cf383ce240e44c1d9ae7c06078a9396df68ce88a1230f93a30c1"},
    {file = "scipy-1.10.1-cp38-cp38-manylinux_2_17_x86_64.manylinux2014_x86_64.whl", hash = "sha256:07c3457ce0b3ad5124f98a86533106b643dd811dd61b548e78cf4c8786652f6f"},
    {file = "scipy-1.10.1-cp38-cp38-win_amd64.whl", hash = "sha256:049a8bbf0ad95277ffba9b3b7d23e5369cc39e66406d60422c8cfef40ccc8415"},
    {file = "scipy-1.10.1-cp39-cp39-macosx_10_9_x86_64.whl", hash = "sha256:cd9f1027ff30d90618914a64ca9b1a77a431159df0e2a195d8a9e8a04c78abf9"},
    {file = "scipy-1.10.1-cp39-cp39-macosx_12_0_arm64.whl", hash = "sha256:79c8e5a6c6ffaf3a2262ef1be1e108a035cf4f05c14df56057b64acc5bebffb6"},
    {file = "scipy-1.10.1-cp39-cp39-manylinux_2_17_aarch64.manylinux2014_aarch64.whl", hash = "sha256:51af417a000d2dbe1ec6c372dfe688e041a7084da4fdd350aeb139bd3fb55353"},
    {file = "scipy-1.10.1-cp39-cp39-manylinux_2_17_x86_64.manylinux2014_x86_64.whl", hash = "sha256:1b4735d6c28aad3cdcf52117e0e91d6b39acd4272f3f5cd9907c24ee931ad601"},
    {file = "scipy-1.10.1-cp39-cp39-win_amd64.whl", hash = "sha256:7ff7f37b1bf4417baca958d254e8e2875d0cc23aaadbe65b3d5b3077b0eb23ea"},
    {file = "scipy-1.10.1.tar.gz", hash = "sha256:2cf9dfb80a7b4589ba4c40ce7588986d6d5cebc5457cad2c2880f6bc2d42f3a5"},
]

[package.dependencies]
numpy = ">=1.19.5,<1.27.0"

[package.extras]
dev = ["click", "doit (>=0.36.0)", "flake8", "mypy", "pycodestyle", "pydevtool", "rich-click", "typing_extensions"]
doc = ["matplotlib (>2)", "numpydoc", "pydata-sphinx-theme (==0.9.0)", "sphinx (!=4.1.0)", "sphinx-design (>=0.2.0)"]
test = ["asv", "gmpy2", "mpmath", "pooch", "pytest", "pytest-cov", "pytest-timeout", "pytest-xdist", "scikit-umfpack", "threadpoolctl"]

[[package]]
name = "scs"
version = "3.2.3"
description = "scs: splitting conic solver"
optional = false
python-versions = "*"
files = [
    {file = "scs-3.2.3-cp310-cp310-macosx_10_9_x86_64.whl", hash = "sha256:9d7f7fd2d2cd88938c159b15e8915d9536610e50a9c34ecf36ce0290807afe55"},
    {file = "scs-3.2.3-cp310-cp310-manylinux_2_17_x86_64.manylinux2014_x86_64.whl", hash = "sha256:368194620918301bf5309a35a7cd0444f1b1992b182c0a29033c26eb97b3dcb2"},
    {file = "scs-3.2.3-cp310-cp310-win_amd64.whl", hash = "sha256:2d835a74c283be73bff6e1978d3ae77a60d9e87db1fdd12916464fa2a1dda517"},
    {file = "scs-3.2.3-cp311-cp311-macosx_10_9_x86_64.whl", hash = "sha256:81511fda3254c0d29089443dcd2305e81d203509e4d77afd160e9174b15ad75a"},
    {file = "scs-3.2.3-cp311-cp311-manylinux_2_17_x86_64.manylinux2014_x86_64.whl", hash = "sha256:715ca4532de39b462bd393f9e8b4bf57be4122e20f0780d00db3cab1450a585d"},
    {file = "scs-3.2.3-cp311-cp311-win_amd64.whl", hash = "sha256:fcf4b985a787135b3e83682a4c5b9bce9c6290cfead1d7225c38f34f5ead7187"},
    {file = "scs-3.2.3-cp37-cp37m-macosx_10_9_x86_64.whl", hash = "sha256:91f5194cfabe354c9b1f0ea1de82114028d81c5a4a633177b8da2fe36f301758"},
    {file = "scs-3.2.3-cp37-cp37m-manylinux_2_17_x86_64.manylinux2014_x86_64.whl", hash = "sha256:c0d15f21e9053c5df37dab0d700da55fcc71f2f454748f364b9de594988b2ab3"},
    {file = "scs-3.2.3-cp37-cp37m-win_amd64.whl", hash = "sha256:6a80727167ad73151ced202a1ac6c0c7644b00b2e2607edec8a8807fc0443ac8"},
    {file = "scs-3.2.3-cp38-cp38-macosx_10_9_x86_64.whl", hash = "sha256:79d7d6c42ee636821460d317b8250945ce04363a47a63aef6b1eae0bd7a418fc"},
    {file = "scs-3.2.3-cp38-cp38-manylinux_2_17_x86_64.manylinux2014_x86_64.whl", hash = "sha256:e6f64d23247797cfa289095fb5ddea6eeff5adf98961e953da90233278827e0c"},
    {file = "scs-3.2.3-cp38-cp38-win_amd64.whl", hash = "sha256:9a14a7c80efb34b469eb4dbaf26a9104dd2ca93e477985f948d8f28cd4b1a2ba"},
    {file = "scs-3.2.3-cp39-cp39-macosx_10_9_x86_64.whl", hash = "sha256:3eb601738b260e3dcad117f3e02aceaca5d1e8eac2be225be1c0f9cbf83e75cb"},
    {file = "scs-3.2.3-cp39-cp39-manylinux_2_17_x86_64.manylinux2014_x86_64.whl", hash = "sha256:f1b24176de97ecedf698596086f85da6dad472fe38a4b21cf4b460f87cae2c37"},
    {file = "scs-3.2.3-cp39-cp39-win_amd64.whl", hash = "sha256:ddaa5af34a0e1f636d312eb1901bd407383f0b04dda50fba7242d56e618c0966"},
    {file = "scs-3.2.3.tar.gz", hash = "sha256:e3bd779e7e977e3ae5a2f2035aa4c2a309e29082d59a722d5d6592edc4bdb4b3"},
]

[package.dependencies]
numpy = ">=1.7"
scipy = ">=0.13.2"

[[package]]
name = "setuptools"
version = "68.1.2"
description = "Easily download, build, install, upgrade, and uninstall Python packages"
optional = false
python-versions = ">=3.8"
files = [
    {file = "setuptools-68.1.2-py3-none-any.whl", hash = "sha256:3d8083eed2d13afc9426f227b24fd1659489ec107c0e86cec2ffdde5c92e790b"},
    {file = "setuptools-68.1.2.tar.gz", hash = "sha256:3d4dfa6d95f1b101d695a6160a7626e15583af71a5f52176efa5d39a054d475d"},
]

[package.extras]
docs = ["furo", "jaraco.packaging (>=9.3)", "jaraco.tidelift (>=1.4)", "pygments-github-lexers (==0.0.5)", "rst.linker (>=1.9)", "sphinx (>=3.5,<=7.1.2)", "sphinx-favicon", "sphinx-hoverxref (<2)", "sphinx-inline-tabs", "sphinx-lint", "sphinx-notfound-page (==0.8.3)", "sphinx-reredirects", "sphinxcontrib-towncrier"]
testing = ["build[virtualenv]", "filelock (>=3.4.0)", "flake8-2020", "ini2toml[lite] (>=0.9)", "jaraco.develop (>=7.21)", "jaraco.envs (>=2.2)", "jaraco.path (>=3.2.0)", "pip (>=19.1)", "pytest (>=6)", "pytest-black (>=0.3.7)", "pytest-checkdocs (>=2.4)", "pytest-cov", "pytest-enabler (>=2.2)", "pytest-mypy (>=0.9.1)", "pytest-perf", "pytest-ruff", "pytest-timeout", "pytest-xdist", "tomli-w (>=1.0.0)", "virtualenv (>=13.0.0)", "wheel"]
testing-integration = ["build[virtualenv]", "filelock (>=3.4.0)", "jaraco.envs (>=2.2)", "jaraco.path (>=3.2.0)", "pytest", "pytest-enabler", "pytest-xdist", "tomli", "virtualenv (>=13.0.0)", "wheel"]

[[package]]
name = "six"
version = "1.16.0"
description = "Python 2 and 3 compatibility utilities"
optional = false
python-versions = ">=2.7, !=3.0.*, !=3.1.*, !=3.2.*"
files = [
    {file = "six-1.16.0-py2.py3-none-any.whl", hash = "sha256:8abb2f1d86890a2dfb989f9a77cfcfd3e47c2a354b01111771326f8aa26e0254"},
    {file = "six-1.16.0.tar.gz", hash = "sha256:1e61c37477a1626458e36f7b1d82aa5c9b094fa4802892072e49de9c60c4c926"},
]

[[package]]
name = "stack-data"
version = "0.6.2"
description = "Extract data from python stack frames and tracebacks for informative displays"
optional = false
python-versions = "*"
files = [
    {file = "stack_data-0.6.2-py3-none-any.whl", hash = "sha256:cbb2a53eb64e5785878201a97ed7c7b94883f48b87bfb0bbe8b623c74679e4a8"},
    {file = "stack_data-0.6.2.tar.gz", hash = "sha256:32d2dd0376772d01b6cb9fc996f3c8b57a357089dec328ed4b6553d037eaf815"},
]

[package.dependencies]
asttokens = ">=2.1.0"
executing = ">=1.2.0"
pure-eval = "*"

[package.extras]
tests = ["cython", "littleutils", "pygments", "pytest", "typeguard"]

[[package]]
name = "sympy"
version = "1.12"
description = "Computer algebra system (CAS) in Python"
optional = false
python-versions = ">=3.8"
files = [
    {file = "sympy-1.12-py3-none-any.whl", hash = "sha256:c3588cd4295d0c0f603d0f2ae780587e64e2efeedb3521e46b9bb1d08d184fa5"},
    {file = "sympy-1.12.tar.gz", hash = "sha256:ebf595c8dac3e0fdc4152c51878b498396ec7f30e7a914d6071e674d49420fb8"},
]

[package.dependencies]
mpmath = ">=0.19"

[[package]]
name = "traitlets"
version = "5.9.0"
description = "Traitlets Python configuration system"
optional = false
python-versions = ">=3.7"
files = [
    {file = "traitlets-5.9.0-py3-none-any.whl", hash = "sha256:9e6ec080259b9a5940c797d58b613b5e31441c2257b87c2e795c5228ae80d2d8"},
    {file = "traitlets-5.9.0.tar.gz", hash = "sha256:f6cde21a9c68cf756af02035f72d5a723bf607e862e7be33ece505abf4a3bad9"},
]

[package.extras]
docs = ["myst-parser", "pydata-sphinx-theme", "sphinx"]
test = ["argcomplete (>=2.0)", "pre-commit", "pytest", "pytest-mock"]

[[package]]
name = "typing-extensions"
version = "4.7.1"
description = "Backported and Experimental Type Hints for Python 3.7+"
optional = false
python-versions = ">=3.7"
files = [
    {file = "typing_extensions-4.7.1-py3-none-any.whl", hash = "sha256:440d5dd3af93b060174bf433bccd69b0babc3b15b1a8dca43789fd7f61514b36"},
    {file = "typing_extensions-4.7.1.tar.gz", hash = "sha256:b75ddc264f0ba5615db7ba217daeb99701ad295353c45f9e95963337ceeeffb2"},
]

[[package]]
name = "wcwidth"
version = "0.2.6"
description = "Measures the displayed width of unicode strings in a terminal"
optional = false
python-versions = "*"
files = [
    {file = "wcwidth-0.2.6-py2.py3-none-any.whl", hash = "sha256:795b138f6875577cd91bba52baf9e445cd5118fd32723b460e30a0af30ea230e"},
    {file = "wcwidth-0.2.6.tar.gz", hash = "sha256:a5220780a404dbe3353789870978e472cfe477761f06ee55077256e509b156d0"},
]

[metadata]
lock-version = "2.0"
python-versions = ">=3.8,<3.12"
content-hash = "f990aa7478d87909b97ac80056791aea95a2388f358c0a5a7f1b3a8341b3cea2"
